
Microsoft Visual Studio Solution File, Format Version 12.00
# Visual Studio Version 17
VisualStudioVersion = 17.3.32929.385
MinimumVisualStudioVersion = 10.0.40219.1
Project("{FAE04EC0-301F-11D3-BF4B-00C04F79EFBC}") = "Lottery_2022", "Lottery_2022\Lottery_2022.csproj", "{FDDF50B3-9334-42BE-B9C0-CECD0D6A3B87}"
	ProjectSection(ProjectDependencies) = postProject
		{7CE79C8F-531D-42A2-91C6-51009E98C0E3} = {7CE79C8F-531D-42A2-91C6-51009E98C0E3}
	EndProjectSection
EndProject
Project("{FAE04EC0-301F-11D3-BF4B-00C04F79EFBC}") = "DataLayer", "DataLayer\DataLayer.csproj", "{7CE79C8F-531D-42A2-91C6-51009E98C0E3}"
EndProject
Global
	GlobalSection(SolutionConfigurationPlatforms) = preSolution
		Debug|Any CPU = Debug|Any CPU
		Release|Any CPU = Release|Any CPU
	EndGlobalSection
	GlobalSection(ProjectConfigurationPlatforms) = postSolution
		{FDDF50B3-9334-42BE-B9C0-CECD0D6A3B87}.Debug|Any CPU.ActiveCfg = Debug|Any CPU
		{FDDF50B3-9334-42BE-B9C0-CECD0D6A3B87}.Debug|Any CPU.Build.0 = Debug|Any CPU
		{FDDF50B3-9334-42BE-B9C0-CECD0D6A3B87}.Release|Any CPU.ActiveCfg = Release|Any CPU
		{FDDF50B3-9334-42BE-B9C0-CECD0D6A3B87}.Release|Any CPU.Build.0 = Release|Any CPU
		{7CE79C8F-531D-42A2-91C6-51009E98C0E3}.Debug|Any CPU.ActiveCfg = Debug|Any CPU
		{7CE79C8F-531D-42A2-91C6-51009E98C0E3}.Debug|Any CPU.Build.0 = Debug|Any CPU
		{7CE79C8F-531D-42A2-91C6-51009E98C0E3}.Release|Any CPU.ActiveCfg = Release|Any CPU
		{7CE79C8F-531D-42A2-91C6-51009E98C0E3}.Release|Any CPU.Build.0 = Release|Any CPU
	EndGlobalSection
	GlobalSection(SolutionProperties) = preSolution
		HideSolutionNode = FALSE
	EndGlobalSection
	GlobalSection(ExtensibilityGlobals) = postSolution
		SolutionGuid = {2B1883EC-7BBE-45B0-8CE3-D696CE4F1671}
	EndGlobalSection
EndGlobal
